
Microsoft Visual Studio Solution File, Format Version 12.00
Project("{FAE04EC0-301F-11D3-BF4B-00C04F79EFBC}") = "IDE", "IDE\IDE.csproj", "{BDD2C81C-58E7-4F6B-A3C1-A03DF05B0A62}"
EndProject
Global
	GlobalSection(SolutionConfigurationPlatforms) = preSolution
		Debug|Any CPU = Debug|Any CPU
		Release|Any CPU = Release|Any CPU
	EndGlobalSection
	GlobalSection(ProjectConfigurationPlatforms) = postSolution
		{BDD2C81C-58E7-4F6B-A3C1-A03DF05B0A62}.Debug|Any CPU.ActiveCfg = Debug|Any CPU
		{BDD2C81C-58E7-4F6B-A3C1-A03DF05B0A62}.Debug|Any CPU.Build.0 = Debug|Any CPU
		{BDD2C81C-58E7-4F6B-A3C1-A03DF05B0A62}.Release|Any CPU.ActiveCfg = Release|Any CPU
		{BDD2C81C-58E7-4F6B-A3C1-A03DF05B0A62}.Release|Any CPU.Build.0 = Release|Any CPU
	EndGlobalSection
EndGlobal
